// !$*UTF8*$!
{
	archiveVersion = 1;
	classes = {
	};
	objectVersion = 52;
	objects = {

/* Begin PBXBuildFile section */
		5E4035A824066AF41B556DA7 /* Pods_Dreamer.framework in Frameworks */ = {isa = PBXBuildFile; fileRef = 614FB1839C23B48743F30BCC /* Pods_Dreamer.framework */; };
		F01DA73B24A527CD003071AB /* MenuView.swift in Sources */ = {isa = PBXBuildFile; fileRef = F01DA73A24A527CD003071AB /* MenuView.swift */; };
		F01DA73D24A52884003071AB /* MenuRow.swift in Sources */ = {isa = PBXBuildFile; fileRef = F01DA73C24A52884003071AB /* MenuRow.swift */; };
		F01DA73F24A52ADD003071AB /* BoardPickerView.swift in Sources */ = {isa = PBXBuildFile; fileRef = F01DA73E24A52ADD003071AB /* BoardPickerView.swift */; };
		F01DA74124A52CB4003071AB /* BoardContainerView.swift in Sources */ = {isa = PBXBuildFile; fileRef = F01DA74024A52CB4003071AB /* BoardContainerView.swift */; };
		F01DA74324A53D0A003071AB /* BoardPickerViewModel.swift in Sources */ = {isa = PBXBuildFile; fileRef = F01DA74224A53D0A003071AB /* BoardPickerViewModel.swift */; };
		F01DA74724A548F7003071AB /* TextView.swift in Sources */ = {isa = PBXBuildFile; fileRef = F01DA74624A548F7003071AB /* TextView.swift */; };
		F0342F7A24A7C2CF008A4CF3 /* BoardView.swift in Sources */ = {isa = PBXBuildFile; fileRef = F0342F7924A7C2CF008A4CF3 /* BoardView.swift */; };
		F0342F7C24A7C32F008A4CF3 /* BoardViewModel.swift in Sources */ = {isa = PBXBuildFile; fileRef = F0342F7B24A7C32F008A4CF3 /* BoardViewModel.swift */; };
		F0342F7E24A7C5CD008A4CF3 /* Post.swift in Sources */ = {isa = PBXBuildFile; fileRef = F0342F7D24A7C5CD008A4CF3 /* Post.swift */; };
		F0342F8024A7CB34008A4CF3 /* BoardPostBuilderView.swift in Sources */ = {isa = PBXBuildFile; fileRef = F0342F7F24A7CB34008A4CF3 /* BoardPostBuilderView.swift */; };
		F04CA75A24819DBD007A455E /* AuthView.swift in Sources */ = {isa = PBXBuildFile; fileRef = F04CA75924819DBD007A455E /* AuthView.swift */; };
		F04CA75C2481AC01007A455E /* SignUpView.swift in Sources */ = {isa = PBXBuildFile; fileRef = F04CA75B2481AC01007A455E /* SignUpView.swift */; };
		F04CA75E2481AC3B007A455E /* SignInView.swift in Sources */ = {isa = PBXBuildFile; fileRef = F04CA75D2481AC3B007A455E /* SignInView.swift */; };
		F04CA7682481D837007A455E /* ContentView.swift in Sources */ = {isa = PBXBuildFile; fileRef = F04CA7672481D837007A455E /* ContentView.swift */; };
		F076F20C2482BBB500D7F26D /* Board.swift in Sources */ = {isa = PBXBuildFile; fileRef = F076F20B2482BBB500D7F26D /* Board.swift */; };
		F0AAB9D82481975C00767F48 /* AppDelegate.swift in Sources */ = {isa = PBXBuildFile; fileRef = F0AAB9D72481975C00767F48 /* AppDelegate.swift */; };
		F0AAB9DA2481975C00767F48 /* SceneDelegate.swift in Sources */ = {isa = PBXBuildFile; fileRef = F0AAB9D92481975C00767F48 /* SceneDelegate.swift */; };
		F0AAB9DE2481975D00767F48 /* Assets.xcassets in Resources */ = {isa = PBXBuildFile; fileRef = F0AAB9DD2481975D00767F48 /* Assets.xcassets */; };
		F0AAB9E12481975D00767F48 /* Preview Assets.xcassets in Resources */ = {isa = PBXBuildFile; fileRef = F0AAB9E02481975D00767F48 /* Preview Assets.xcassets */; };
		F0AAB9E42481975D00767F48 /* LaunchScreen.storyboard in Resources */ = {isa = PBXBuildFile; fileRef = F0AAB9E22481975D00767F48 /* LaunchScreen.storyboard */; };
		F0AAB9EC2481981B00767F48 /* GoogleService-Info.plist in Resources */ = {isa = PBXBuildFile; fileRef = F0AAB9EB2481981B00767F48 /* GoogleService-Info.plist */; };
		F0AAB9EF248199FB00767F48 /* SessionStore.swift in Sources */ = {isa = PBXBuildFile; fileRef = F0AAB9EE248199FB00767F48 /* SessionStore.swift */; };
		F0AAB9F124819A7400767F48 /* User.swift in Sources */ = {isa = PBXBuildFile; fileRef = F0AAB9F024819A7400767F48 /* User.swift */; };
		F0E1996324A7B17E0016417C /* BoardBuilderView.swift in Sources */ = {isa = PBXBuildFile; fileRef = F0E1996224A7B17E0016417C /* BoardBuilderView.swift */; };
		F0E1996624A7B5B90016417C /* ColorPicker in Frameworks */ = {isa = PBXBuildFile; productRef = F0E1996524A7B5B90016417C /* ColorPicker */; };
/* End PBXBuildFile section */

/* Begin PBXFileReference section */
		614FB1839C23B48743F30BCC /* Pods_Dreamer.framework */ = {isa = PBXFileReference; explicitFileType = wrapper.framework; includeInIndex = 0; path = Pods_Dreamer.framework; sourceTree = BUILT_PRODUCTS_DIR; };
		84762862102EFA4A8F6FE2AE /* Pods-Dreamer.debug.xcconfig */ = {isa = PBXFileReference; includeInIndex = 1; lastKnownFileType = text.xcconfig; name = "Pods-Dreamer.debug.xcconfig"; path = "Target Support Files/Pods-Dreamer/Pods-Dreamer.debug.xcconfig"; sourceTree = "<group>"; };
		BE296AE60E4308F58F139DE0 /* Pods-Dreamer.release.xcconfig */ = {isa = PBXFileReference; includeInIndex = 1; lastKnownFileType = text.xcconfig; name = "Pods-Dreamer.release.xcconfig"; path = "Target Support Files/Pods-Dreamer/Pods-Dreamer.release.xcconfig"; sourceTree = "<group>"; };
		F01DA73A24A527CD003071AB /* MenuView.swift */ = {isa = PBXFileReference; lastKnownFileType = sourcecode.swift; path = MenuView.swift; sourceTree = "<group>"; };
		F01DA73C24A52884003071AB /* MenuRow.swift */ = {isa = PBXFileReference; lastKnownFileType = sourcecode.swift; path = MenuRow.swift; sourceTree = "<group>"; };
		F01DA73E24A52ADD003071AB /* BoardPickerView.swift */ = {isa = PBXFileReference; lastKnownFileType = sourcecode.swift; path = BoardPickerView.swift; sourceTree = "<group>"; };
		F01DA74024A52CB4003071AB /* BoardContainerView.swift */ = {isa = PBXFileReference; lastKnownFileType = sourcecode.swift; path = BoardContainerView.swift; sourceTree = "<group>"; };
		F01DA74224A53D0A003071AB /* BoardPickerViewModel.swift */ = {isa = PBXFileReference; lastKnownFileType = sourcecode.swift; path = BoardPickerViewModel.swift; sourceTree = "<group>"; };
		F01DA74624A548F7003071AB /* TextView.swift */ = {isa = PBXFileReference; lastKnownFileType = sourcecode.swift; path = TextView.swift; sourceTree = "<group>"; };
		F0342F7924A7C2CF008A4CF3 /* BoardView.swift */ = {isa = PBXFileReference; lastKnownFileType = sourcecode.swift; path = BoardView.swift; sourceTree = "<group>"; };
		F0342F7B24A7C32F008A4CF3 /* BoardViewModel.swift */ = {isa = PBXFileReference; lastKnownFileType = sourcecode.swift; path = BoardViewModel.swift; sourceTree = "<group>"; };
		F0342F7D24A7C5CD008A4CF3 /* Post.swift */ = {isa = PBXFileReference; lastKnownFileType = sourcecode.swift; path = Post.swift; sourceTree = "<group>"; };
		F0342F7F24A7CB34008A4CF3 /* BoardPostBuilderView.swift */ = {isa = PBXFileReference; lastKnownFileType = sourcecode.swift; path = BoardPostBuilderView.swift; sourceTree = "<group>"; };
		F04CA75924819DBD007A455E /* AuthView.swift */ = {isa = PBXFileReference; lastKnownFileType = sourcecode.swift; path = AuthView.swift; sourceTree = "<group>"; };
		F04CA75B2481AC01007A455E /* SignUpView.swift */ = {isa = PBXFileReference; lastKnownFileType = sourcecode.swift; path = SignUpView.swift; sourceTree = "<group>"; };
		F04CA75D2481AC3B007A455E /* SignInView.swift */ = {isa = PBXFileReference; lastKnownFileType = sourcecode.swift; path = SignInView.swift; sourceTree = "<group>"; };
		F04CA75F2481AE70007A455E /* Dreamer.entitlements */ = {isa = PBXFileReference; lastKnownFileType = text.plist.entitlements; path = Dreamer.entitlements; sourceTree = "<group>"; };
		F04CA7672481D837007A455E /* ContentView.swift */ = {isa = PBXFileReference; lastKnownFileType = sourcecode.swift; path = ContentView.swift; sourceTree = "<group>"; };
		F076F20B2482BBB500D7F26D /* Board.swift */ = {isa = PBXFileReference; lastKnownFileType = sourcecode.swift; path = Board.swift; sourceTree = "<group>"; };
		F0AAB9D42481975C00767F48 /* Dreamer.app */ = {isa = PBXFileReference; explicitFileType = wrapper.application; includeInIndex = 0; path = Dreamer.app; sourceTree = BUILT_PRODUCTS_DIR; };
		F0AAB9D72481975C00767F48 /* AppDelegate.swift */ = {isa = PBXFileReference; lastKnownFileType = sourcecode.swift; path = AppDelegate.swift; sourceTree = "<group>"; };
		F0AAB9D92481975C00767F48 /* SceneDelegate.swift */ = {isa = PBXFileReference; lastKnownFileType = sourcecode.swift; path = SceneDelegate.swift; sourceTree = "<group>"; };
		F0AAB9DD2481975D00767F48 /* Assets.xcassets */ = {isa = PBXFileReference; lastKnownFileType = folder.assetcatalog; path = Assets.xcassets; sourceTree = "<group>"; };
		F0AAB9E02481975D00767F48 /* Preview Assets.xcassets */ = {isa = PBXFileReference; lastKnownFileType = folder.assetcatalog; path = "Preview Assets.xcassets"; sourceTree = "<group>"; };
		F0AAB9E32481975D00767F48 /* Base */ = {isa = PBXFileReference; lastKnownFileType = file.storyboard; name = Base; path = Base.lproj/LaunchScreen.storyboard; sourceTree = "<group>"; };
		F0AAB9E52481975D00767F48 /* Info.plist */ = {isa = PBXFileReference; lastKnownFileType = text.plist.xml; path = Info.plist; sourceTree = "<group>"; };
		F0AAB9EB2481981B00767F48 /* GoogleService-Info.plist */ = {isa = PBXFileReference; fileEncoding = 4; lastKnownFileType = text.plist.xml; path = "GoogleService-Info.plist"; sourceTree = "<group>"; };
		F0AAB9EE248199FB00767F48 /* SessionStore.swift */ = {isa = PBXFileReference; lastKnownFileType = sourcecode.swift; path = SessionStore.swift; sourceTree = "<group>"; };
		F0AAB9F024819A7400767F48 /* User.swift */ = {isa = PBXFileReference; lastKnownFileType = sourcecode.swift; path = User.swift; sourceTree = "<group>"; };
		F0E1996224A7B17E0016417C /* BoardBuilderView.swift */ = {isa = PBXFileReference; lastKnownFileType = sourcecode.swift; path = BoardBuilderView.swift; sourceTree = "<group>"; };
/* End PBXFileReference section */

/* Begin PBXFrameworksBuildPhase section */
		F0AAB9D12481975C00767F48 /* Frameworks */ = {
			isa = PBXFrameworksBuildPhase;
			buildActionMask = 2147483647;
			files = (
				F0E1996624A7B5B90016417C /* ColorPicker in Frameworks */,
				5E4035A824066AF41B556DA7 /* Pods_Dreamer.framework in Frameworks */,
			);
			runOnlyForDeploymentPostprocessing = 0;
		};
/* End PBXFrameworksBuildPhase section */

/* Begin PBXGroup section */
		41C4DB2E033C72E45D9F70B9 /* Pods */ = {
			isa = PBXGroup;
			children = (
				84762862102EFA4A8F6FE2AE /* Pods-Dreamer.debug.xcconfig */,
				BE296AE60E4308F58F139DE0 /* Pods-Dreamer.release.xcconfig */,
			);
			path = Pods;
			sourceTree = "<group>";
		};
		581F62A59B0A80F52E48ACB0 /* Frameworks */ = {
			isa = PBXGroup;
			children = (
				614FB1839C23B48743F30BCC /* Pods_Dreamer.framework */,
			);
			name = Frameworks;
			sourceTree = "<group>";
		};
		F0342F7824A7C2A9008A4CF3 /* BoardEditerFlow */ = {
			isa = PBXGroup;
			children = (
				F0342F7924A7C2CF008A4CF3 /* BoardView.swift */,
				F0342F7B24A7C32F008A4CF3 /* BoardViewModel.swift */,
				F0342F7D24A7C5CD008A4CF3 /* Post.swift */,
				F0342F7F24A7CB34008A4CF3 /* BoardPostBuilderView.swift */,
			);
			path = BoardEditerFlow;
			sourceTree = "<group>";
		};
		F0342F8124A7E115008A4CF3 /* Delegates */ = {
			isa = PBXGroup;
			children = (
				F0AAB9D72481975C00767F48 /* AppDelegate.swift */,
				F0AAB9D92481975C00767F48 /* SceneDelegate.swift */,
			);
			path = Delegates;
			sourceTree = "<group>";
		};
		F0342F8224A7E126008A4CF3 /* Custom UI Components */ = {
			isa = PBXGroup;
			children = (
				F01DA74624A548F7003071AB /* TextView.swift */,
			);
			path = "Custom UI Components";
			sourceTree = "<group>";
		};
		F04CA7642481B98E007A455E /* MenuFlow */ = {
			isa = PBXGroup;
			children = (
				F01DA73A24A527CD003071AB /* MenuView.swift */,
				F01DA73C24A52884003071AB /* MenuRow.swift */,
			);
			path = MenuFlow;
			sourceTree = "<group>";
		};
		F04CA7692481D939007A455E /* BoardPickerFlow */ = {
			isa = PBXGroup;
			children = (
				F01DA73E24A52ADD003071AB /* BoardPickerView.swift */,
				F01DA74224A53D0A003071AB /* BoardPickerViewModel.swift */,
				F076F20B2482BBB500D7F26D /* Board.swift */,
				F0E1996224A7B17E0016417C /* BoardBuilderView.swift */,
				F01DA74024A52CB4003071AB /* BoardContainerView.swift */,
			);
			path = BoardPickerFlow;
			sourceTree = "<group>";
		};
		F0AAB9CB2481975C00767F48 = {
			isa = PBXGroup;
			children = (
				F0AAB9D62481975C00767F48 /* Dreamer */,
				F0AAB9D52481975C00767F48 /* Products */,
				41C4DB2E033C72E45D9F70B9 /* Pods */,
				581F62A59B0A80F52E48ACB0 /* Frameworks */,
			);
			sourceTree = "<group>";
			usesTabs = 0;
		};
		F0AAB9D52481975C00767F48 /* Products */ = {
			isa = PBXGroup;
			children = (
				F0AAB9D42481975C00767F48 /* Dreamer.app */,
			);
			name = Products;
			sourceTree = "<group>";
		};
		F0AAB9D62481975C00767F48 /* Dreamer */ = {
			isa = PBXGroup;
			children = (
				F0342F8224A7E126008A4CF3 /* Custom UI Components */,
				F0342F8124A7E115008A4CF3 /* Delegates */,
				F04CA75F2481AE70007A455E /* Dreamer.entitlements */,
				F04CA7672481D837007A455E /* ContentView.swift */,
				F0AAB9ED2481994700767F48 /* LoginFlow */,
				F04CA7642481B98E007A455E /* MenuFlow */,
				F0342F7824A7C2A9008A4CF3 /* BoardEditerFlow */,
				F04CA7692481D939007A455E /* BoardPickerFlow */,
				F0AAB9EB2481981B00767F48 /* GoogleService-Info.plist */,
				F0AAB9DD2481975D00767F48 /* Assets.xcassets */,
				F0AAB9E22481975D00767F48 /* LaunchScreen.storyboard */,
				F0AAB9E52481975D00767F48 /* Info.plist */,
				F0AAB9DF2481975D00767F48 /* Preview Content */,
			);
			path = Dreamer;
			sourceTree = "<group>";
		};
		F0AAB9DF2481975D00767F48 /* Preview Content */ = {
			isa = PBXGroup;
			children = (
				F0AAB9E02481975D00767F48 /* Preview Assets.xcassets */,
			);
			path = "Preview Content";
			sourceTree = "<group>";
		};
		F0AAB9ED2481994700767F48 /* LoginFlow */ = {
			isa = PBXGroup;
			children = (
				F0AAB9EE248199FB00767F48 /* SessionStore.swift */,
				F0AAB9F024819A7400767F48 /* User.swift */,
				F04CA75924819DBD007A455E /* AuthView.swift */,
				F04CA75B2481AC01007A455E /* SignUpView.swift */,
				F04CA75D2481AC3B007A455E /* SignInView.swift */,
			);
			path = LoginFlow;
			sourceTree = "<group>";
		};
/* End PBXGroup section */

/* Begin PBXNativeTarget section */
		F0AAB9D32481975C00767F48 /* Dreamer */ = {
			isa = PBXNativeTarget;
			buildConfigurationList = F0AAB9E82481975D00767F48 /* Build configuration list for PBXNativeTarget "Dreamer" */;
			buildPhases = (
				321642E4321B6BF321E6FA68 /* [CP] Check Pods Manifest.lock */,
				F0AAB9D02481975C00767F48 /* Sources */,
				F0AAB9D12481975C00767F48 /* Frameworks */,
				F0AAB9D22481975C00767F48 /* Resources */,
				31F809149DC5D7BAAECA85DD /* [CP] Embed Pods Frameworks */,
			);
			buildRules = (
			);
			dependencies = (
			);
			name = Dreamer;
			packageProductDependencies = (
				F0E1996524A7B5B90016417C /* ColorPicker */,
			);
			productName = Dreamer;
			productReference = F0AAB9D42481975C00767F48 /* Dreamer.app */;
			productType = "com.apple.product-type.application";
		};
/* End PBXNativeTarget section */

/* Begin PBXProject section */
		F0AAB9CC2481975C00767F48 /* Project object */ = {
			isa = PBXProject;
			attributes = {
				LastSwiftUpdateCheck = 1150;
				LastUpgradeCheck = 1150;
				ORGANIZATIONNAME = "Dylan Mace";
				TargetAttributes = {
					F0AAB9D32481975C00767F48 = {
						CreatedOnToolsVersion = 11.5;
					};
				};
			};
			buildConfigurationList = F0AAB9CF2481975C00767F48 /* Build configuration list for PBXProject "Dreamer" */;
			compatibilityVersion = "Xcode 9.3";
			developmentRegion = en;
			hasScannedForEncodings = 0;
			knownRegions = (
				en,
				Base,
			);
			mainGroup = F0AAB9CB2481975C00767F48;
			packageReferences = (
				F0E1996424A7B5B80016417C /* XCRemoteSwiftPackageReference "ColorPicker" */,
			);
			productRefGroup = F0AAB9D52481975C00767F48 /* Products */;
			projectDirPath = "";
			projectRoot = "";
			targets = (
				F0AAB9D32481975C00767F48 /* Dreamer */,
			);
		};
/* End PBXProject section */

/* Begin PBXResourcesBuildPhase section */
		F0AAB9D22481975C00767F48 /* Resources */ = {
			isa = PBXResourcesBuildPhase;
			buildActionMask = 2147483647;
			files = (
				F0AAB9E42481975D00767F48 /* LaunchScreen.storyboard in Resources */,
				F0AAB9EC2481981B00767F48 /* GoogleService-Info.plist in Resources */,
				F0AAB9E12481975D00767F48 /* Preview Assets.xcassets in Resources */,
				F0AAB9DE2481975D00767F48 /* Assets.xcassets in Resources */,
			);
			runOnlyForDeploymentPostprocessing = 0;
		};
/* End PBXResourcesBuildPhase section */

/* Begin PBXShellScriptBuildPhase section */
		31F809149DC5D7BAAECA85DD /* [CP] Embed Pods Frameworks */ = {
			isa = PBXShellScriptBuildPhase;
			buildActionMask = 2147483647;
			files = (
			);
			inputFileListPaths = (
				"${PODS_ROOT}/Target Support Files/Pods-Dreamer/Pods-Dreamer-frameworks-${CONFIGURATION}-input-files.xcfilelist",
			);
			name = "[CP] Embed Pods Frameworks";
			outputFileListPaths = (
				"${PODS_ROOT}/Target Support Files/Pods-Dreamer/Pods-Dreamer-frameworks-${CONFIGURATION}-output-files.xcfilelist",
			);
			runOnlyForDeploymentPostprocessing = 0;
			shellPath = /bin/sh;
			shellScript = "\"${PODS_ROOT}/Target Support Files/Pods-Dreamer/Pods-Dreamer-frameworks.sh\"\n";
			showEnvVarsInLog = 0;
		};
		321642E4321B6BF321E6FA68 /* [CP] Check Pods Manifest.lock */ = {
			isa = PBXShellScriptBuildPhase;
			buildActionMask = 2147483647;
			files = (
			);
			inputFileListPaths = (
			);
			inputPaths = (
				"${PODS_PODFILE_DIR_PATH}/Podfile.lock",
				"${PODS_ROOT}/Manifest.lock",
			);
			name = "[CP] Check Pods Manifest.lock";
			outputFileListPaths = (
			);
			outputPaths = (
				"$(DERIVED_FILE_DIR)/Pods-Dreamer-checkManifestLockResult.txt",
			);
			runOnlyForDeploymentPostprocessing = 0;
			shellPath = /bin/sh;
			shellScript = "diff \"${PODS_PODFILE_DIR_PATH}/Podfile.lock\" \"${PODS_ROOT}/Manifest.lock\" > /dev/null\nif [ $? != 0 ] ; then\n    # print error to STDERR\n    echo \"error: The sandbox is not in sync with the Podfile.lock. Run 'pod install' or update your CocoaPods installation.\" >&2\n    exit 1\nfi\n# This output is used by Xcode 'outputs' to avoid re-running this script phase.\necho \"SUCCESS\" > \"${SCRIPT_OUTPUT_FILE_0}\"\n";
			showEnvVarsInLog = 0;
		};
/* End PBXShellScriptBuildPhase section */

/* Begin PBXSourcesBuildPhase section */
		F0AAB9D02481975C00767F48 /* Sources */ = {
			isa = PBXSourcesBuildPhase;
			buildActionMask = 2147483647;
			files = (
				F0AAB9D82481975C00767F48 /* AppDelegate.swift in Sources */,
				F0AAB9DA2481975C00767F48 /* SceneDelegate.swift in Sources */,
				F0E1996324A7B17E0016417C /* BoardBuilderView.swift in Sources */,
				F04CA75A24819DBD007A455E /* AuthView.swift in Sources */,
				F076F20C2482BBB500D7F26D /* Board.swift in Sources */,
				F04CA7682481D837007A455E /* ContentView.swift in Sources */,
				F0342F8024A7CB34008A4CF3 /* BoardPostBuilderView.swift in Sources */,
				F01DA73B24A527CD003071AB /* MenuView.swift in Sources */,
				F0342F7C24A7C32F008A4CF3 /* BoardViewModel.swift in Sources */,
				F04CA75C2481AC01007A455E /* SignUpView.swift in Sources */,
				F01DA74124A52CB4003071AB /* BoardContainerView.swift in Sources */,
				F01DA73F24A52ADD003071AB /* BoardPickerView.swift in Sources */,
				F01DA74724A548F7003071AB /* TextView.swift in Sources */,
				F01DA74324A53D0A003071AB /* BoardPickerViewModel.swift in Sources */,
				F01DA73D24A52884003071AB /* MenuRow.swift in Sources */,
				F0342F7A24A7C2CF008A4CF3 /* BoardView.swift in Sources */,
				F0AAB9EF248199FB00767F48 /* SessionStore.swift in Sources */,
				F0AAB9F124819A7400767F48 /* User.swift in Sources */,
				F04CA75E2481AC3B007A455E /* SignInView.swift in Sources */,
				F0342F7E24A7C5CD008A4CF3 /* Post.swift in Sources */,
			);
			runOnlyForDeploymentPostprocessing = 0;
		};
/* End PBXSourcesBuildPhase section */

/* Begin PBXVariantGroup section */
		F0AAB9E22481975D00767F48 /* LaunchScreen.storyboard */ = {
			isa = PBXVariantGroup;
			children = (
				F0AAB9E32481975D00767F48 /* Base */,
			);
			name = LaunchScreen.storyboard;
			sourceTree = "<group>";
		};
/* End PBXVariantGroup section */

/* Begin XCBuildConfiguration section */
		F0AAB9E62481975D00767F48 /* Debug */ = {
			isa = XCBuildConfiguration;
			buildSettings = {
				ALWAYS_SEARCH_USER_PATHS = NO;
				CLANG_ANALYZER_NONNULL = YES;
				CLANG_ANALYZER_NUMBER_OBJECT_CONVERSION = YES_AGGRESSIVE;
				CLANG_CXX_LANGUAGE_STANDARD = "gnu++14";
				CLANG_CXX_LIBRARY = "libc++";
				CLANG_ENABLE_MODULES = YES;
				CLANG_ENABLE_OBJC_ARC = YES;
				CLANG_ENABLE_OBJC_WEAK = YES;
				CLANG_WARN_BLOCK_CAPTURE_AUTORELEASING = YES;
				CLANG_WARN_BOOL_CONVERSION = YES;
				CLANG_WARN_COMMA = YES;
				CLANG_WARN_CONSTANT_CONVERSION = YES;
				CLANG_WARN_DEPRECATED_OBJC_IMPLEMENTATIONS = YES;
				CLANG_WARN_DIRECT_OBJC_ISA_USAGE = YES_ERROR;
				CLANG_WARN_DOCUMENTATION_COMMENTS = YES;
				CLANG_WARN_EMPTY_BODY = YES;
				CLANG_WARN_ENUM_CONVERSION = YES;
				CLANG_WARN_INFINITE_RECURSION = YES;
				CLANG_WARN_INT_CONVERSION = YES;
				CLANG_WARN_NON_LITERAL_NULL_CONVERSION = YES;
				CLANG_WARN_OBJC_IMPLICIT_RETAIN_SELF = YES;
				CLANG_WARN_OBJC_LITERAL_CONVERSION = YES;
				CLANG_WARN_OBJC_ROOT_CLASS = YES_ERROR;
				CLANG_WARN_RANGE_LOOP_ANALYSIS = YES;
				CLANG_WARN_STRICT_PROTOTYPES = YES;
				CLANG_WARN_SUSPICIOUS_MOVE = YES;
				CLANG_WARN_UNGUARDED_AVAILABILITY = YES_AGGRESSIVE;
				CLANG_WARN_UNREACHABLE_CODE = YES;
				CLANG_WARN__DUPLICATE_METHOD_MATCH = YES;
				COPY_PHASE_STRIP = NO;
				DEBUG_INFORMATION_FORMAT = dwarf;
				ENABLE_STRICT_OBJC_MSGSEND = YES;
				ENABLE_TESTABILITY = YES;
				GCC_C_LANGUAGE_STANDARD = gnu11;
				GCC_DYNAMIC_NO_PIC = NO;
				GCC_NO_COMMON_BLOCKS = YES;
				GCC_OPTIMIZATION_LEVEL = 0;
				GCC_PREPROCESSOR_DEFINITIONS = (
					"DEBUG=1",
					"$(inherited)",
				);
				GCC_WARN_64_TO_32_BIT_CONVERSION = YES;
				GCC_WARN_ABOUT_RETURN_TYPE = YES_ERROR;
				GCC_WARN_UNDECLARED_SELECTOR = YES;
				GCC_WARN_UNINITIALIZED_AUTOS = YES_AGGRESSIVE;
				GCC_WARN_UNUSED_FUNCTION = YES;
				GCC_WARN_UNUSED_VARIABLE = YES;
				IPHONEOS_DEPLOYMENT_TARGET = 13.5;
				MTL_ENABLE_DEBUG_INFO = INCLUDE_SOURCE;
				MTL_FAST_MATH = YES;
				ONLY_ACTIVE_ARCH = YES;
				SDKROOT = iphoneos;
				SWIFT_ACTIVE_COMPILATION_CONDITIONS = DEBUG;
				SWIFT_OPTIMIZATION_LEVEL = "-Onone";
			};
			name = Debug;
		};
		F0AAB9E72481975D00767F48 /* Release */ = {
			isa = XCBuildConfiguration;
			buildSettings = {
				ALWAYS_SEARCH_USER_PATHS = NO;
				CLANG_ANALYZER_NONNULL = YES;
				CLANG_ANALYZER_NUMBER_OBJECT_CONVERSION = YES_AGGRESSIVE;
				CLANG_CXX_LANGUAGE_STANDARD = "gnu++14";
				CLANG_CXX_LIBRARY = "libc++";
				CLANG_ENABLE_MODULES = YES;
				CLANG_ENABLE_OBJC_ARC = YES;
				CLANG_ENABLE_OBJC_WEAK = YES;
				CLANG_WARN_BLOCK_CAPTURE_AUTORELEASING = YES;
				CLANG_WARN_BOOL_CONVERSION = YES;
				CLANG_WARN_COMMA = YES;
				CLANG_WARN_CONSTANT_CONVERSION = YES;
				CLANG_WARN_DEPRECATED_OBJC_IMPLEMENTATIONS = YES;
				CLANG_WARN_DIRECT_OBJC_ISA_USAGE = YES_ERROR;
				CLANG_WARN_DOCUMENTATION_COMMENTS = YES;
				CLANG_WARN_EMPTY_BODY = YES;
				CLANG_WARN_ENUM_CONVERSION = YES;
				CLANG_WARN_INFINITE_RECURSION = YES;
				CLANG_WARN_INT_CONVERSION = YES;
				CLANG_WARN_NON_LITERAL_NULL_CONVERSION = YES;
				CLANG_WARN_OBJC_IMPLICIT_RETAIN_SELF = YES;
				CLANG_WARN_OBJC_LITERAL_CONVERSION = YES;
				CLANG_WARN_OBJC_ROOT_CLASS = YES_ERROR;
				CLANG_WARN_RANGE_LOOP_ANALYSIS = YES;
				CLANG_WARN_STRICT_PROTOTYPES = YES;
				CLANG_WARN_SUSPICIOUS_MOVE = YES;
				CLANG_WARN_UNGUARDED_AVAILABILITY = YES_AGGRESSIVE;
				CLANG_WARN_UNREACHABLE_CODE = YES;
				CLANG_WARN__DUPLICATE_METHOD_MATCH = YES;
				COPY_PHASE_STRIP = NO;
				DEBUG_INFORMATION_FORMAT = "dwarf-with-dsym";
				ENABLE_NS_ASSERTIONS = NO;
				ENABLE_STRICT_OBJC_MSGSEND = YES;
				GCC_C_LANGUAGE_STANDARD = gnu11;
				GCC_NO_COMMON_BLOCKS = YES;
				GCC_WARN_64_TO_32_BIT_CONVERSION = YES;
				GCC_WARN_ABOUT_RETURN_TYPE = YES_ERROR;
				GCC_WARN_UNDECLARED_SELECTOR = YES;
				GCC_WARN_UNINITIALIZED_AUTOS = YES_AGGRESSIVE;
				GCC_WARN_UNUSED_FUNCTION = YES;
				GCC_WARN_UNUSED_VARIABLE = YES;
				IPHONEOS_DEPLOYMENT_TARGET = 13.5;
				MTL_ENABLE_DEBUG_INFO = NO;
				MTL_FAST_MATH = YES;
				SDKROOT = iphoneos;
				SWIFT_COMPILATION_MODE = wholemodule;
				SWIFT_OPTIMIZATION_LEVEL = "-O";
				VALIDATE_PRODUCT = YES;
			};
			name = Release;
		};
		F0AAB9E92481975D00767F48 /* Debug */ = {
			isa = XCBuildConfiguration;
			baseConfigurationReference = 84762862102EFA4A8F6FE2AE /* Pods-Dreamer.debug.xcconfig */;
			buildSettings = {
				ASSETCATALOG_COMPILER_APPICON_NAME = AppIcon;
				CODE_SIGN_ENTITLEMENTS = Dreamer/Dreamer.entitlements;
				CODE_SIGN_STYLE = Automatic;
				DEVELOPMENT_ASSET_PATHS = "\"Dreamer/Preview Content\"";
				DEVELOPMENT_TEAM = G466A7N8C9;
				ENABLE_PREVIEWS = YES;
				INFOPLIST_FILE = Dreamer/Info.plist;
				IPHONEOS_DEPLOYMENT_TARGET = 13.0;
				LD_RUNPATH_SEARCH_PATHS = (
					"$(inherited)",
					"@executable_path/Frameworks",
				);
				PRODUCT_BUNDLE_IDENTIFIER = com.mace.Dreamer;
				PRODUCT_NAME = "$(TARGET_NAME)";
				SWIFT_VERSION = 5.0;
				TARGETED_DEVICE_FAMILY = "1,2";
			};
			name = Debug;
		};
		F0AAB9EA2481975D00767F48 /* Release */ = {
			isa = XCBuildConfiguration;
			baseConfigurationReference = BE296AE60E4308F58F139DE0 /* Pods-Dreamer.release.xcconfig */;
			buildSettings = {
				ASSETCATALOG_COMPILER_APPICON_NAME = AppIcon;
				CODE_SIGN_ENTITLEMENTS = Dreamer/Dreamer.entitlements;
				CODE_SIGN_STYLE = Automatic;
				DEVELOPMENT_ASSET_PATHS = "\"Dreamer/Preview Content\"";
				DEVELOPMENT_TEAM = G466A7N8C9;
				ENABLE_PREVIEWS = YES;
				INFOPLIST_FILE = Dreamer/Info.plist;
				IPHONEOS_DEPLOYMENT_TARGET = 13.0;
				LD_RUNPATH_SEARCH_PATHS = (
					"$(inherited)",
					"@executable_path/Frameworks",
				);
				PRODUCT_BUNDLE_IDENTIFIER = com.mace.Dreamer;
				PRODUCT_NAME = "$(TARGET_NAME)";
				SWIFT_VERSION = 5.0;
				TARGETED_DEVICE_FAMILY = "1,2";
			};
			name = Release;
		};
/* End XCBuildConfiguration section */

/* Begin XCConfigurationList section */
		F0AAB9CF2481975C00767F48 /* Build configuration list for PBXProject "Dreamer" */ = {
			isa = XCConfigurationList;
			buildConfigurations = (
				F0AAB9E62481975D00767F48 /* Debug */,
				F0AAB9E72481975D00767F48 /* Release */,
			);
			defaultConfigurationIsVisible = 0;
			defaultConfigurationName = Release;
		};
		F0AAB9E82481975D00767F48 /* Build configuration list for PBXNativeTarget "Dreamer" */ = {
			isa = XCConfigurationList;
			buildConfigurations = (
				F0AAB9E92481975D00767F48 /* Debug */,
				F0AAB9EA2481975D00767F48 /* Release */,
			);
			defaultConfigurationIsVisible = 0;
			defaultConfigurationName = Release;
		};
/* End XCConfigurationList section */

/* Begin XCRemoteSwiftPackageReference section */
		F0E1996424A7B5B80016417C /* XCRemoteSwiftPackageReference "ColorPicker" */ = {
			isa = XCRemoteSwiftPackageReference;
			repositoryURL = "https://github.com/hendriku/ColorPicker";
			requirement = {
				branch = master;
				kind = branch;
			};
		};
/* End XCRemoteSwiftPackageReference section */

/* Begin XCSwiftPackageProductDependency section */
		F0E1996524A7B5B90016417C /* ColorPicker */ = {
			isa = XCSwiftPackageProductDependency;
			package = F0E1996424A7B5B80016417C /* XCRemoteSwiftPackageReference "ColorPicker" */;
			productName = ColorPicker;
		};
/* End XCSwiftPackageProductDependency section */
	};
	rootObject = F0AAB9CC2481975C00767F48 /* Project object */;
}
