// !$*UTF8*$!
{
	archiveVersion = 1;
	classes = {
	};
	objectVersion = 51;
	objects = {

/* Begin PBXBuildFile section */
		DDD86557932CDFA341F45A3A /* Pods_Dreamer.framework in Frameworks */ = {isa = PBXBuildFile; fileRef = F2B76EFC96DF7B0675B42A10 /* Pods_Dreamer.framework */; };
		F00D948F267A5A9200D61E82 /* LoginModel.swift in Sources */ = {isa = PBXBuildFile; fileRef = F00D948E267A5A9200D61E82 /* LoginModel.swift */; };
		F00D9491267A5D4500D61E82 /* LoginView.swift in Sources */ = {isa = PBXBuildFile; fileRef = F00D9490267A5D4500D61E82 /* LoginView.swift */; };
		F00D9494267A828600D61E82 /* SignInWithAppleView.swift in Sources */ = {isa = PBXBuildFile; fileRef = F00D9493267A828600D61E82 /* SignInWithAppleView.swift */; };
		F00D949C267A87BE00D61E82 /* NormalButton.swift in Sources */ = {isa = PBXBuildFile; fileRef = F00D949B267A87BE00D61E82 /* NormalButton.swift */; };
		F049828C267A539E009FED59 /* DreamerApp.swift in Sources */ = {isa = PBXBuildFile; fileRef = F049828B267A539E009FED59 /* DreamerApp.swift */; };
		F0498290267A539F009FED59 /* Assets.xcassets in Resources */ = {isa = PBXBuildFile; fileRef = F049828F267A539F009FED59 /* Assets.xcassets */; };
		F0498293267A539F009FED59 /* Preview Assets.xcassets in Resources */ = {isa = PBXBuildFile; fileRef = F0498292267A539F009FED59 /* Preview Assets.xcassets */; };
		F049829B267A53C3009FED59 /* SignInView.swift in Sources */ = {isa = PBXBuildFile; fileRef = F049829A267A53C3009FED59 /* SignInView.swift */; };
		F049829D267A545B009FED59 /* GoogleService-Info.plist in Resources */ = {isa = PBXBuildFile; fileRef = F049829C267A545B009FED59 /* GoogleService-Info.plist */; };
		F0FCEFF2267AAD4A00774FD0 /* BoardListView.swift in Sources */ = {isa = PBXBuildFile; fileRef = F0FCEFF1267AAD4A00774FD0 /* BoardListView.swift */; };
		F0FCEFF4267AAD5500774FD0 /* Board.swift in Sources */ = {isa = PBXBuildFile; fileRef = F0FCEFF3267AAD5500774FD0 /* Board.swift */; };
		F0FCEFF6267AAD6100774FD0 /* BoardViewModel.swift in Sources */ = {isa = PBXBuildFile; fileRef = F0FCEFF5267AAD6100774FD0 /* BoardViewModel.swift */; };
		F0FCEFF8267AB3B500774FD0 /* BoardListCellView.swift in Sources */ = {isa = PBXBuildFile; fileRef = F0FCEFF7267AB3B500774FD0 /* BoardListCellView.swift */; };
		F0FCEFFA267AD6E500774FD0 /* BoardGeneratorView.swift in Sources */ = {isa = PBXBuildFile; fileRef = F0FCEFF9267AD6E500774FD0 /* BoardGeneratorView.swift */; };
		F0FCEFFC267AECA200774FD0 /* ColorExtension.swift in Sources */ = {isa = PBXBuildFile; fileRef = F0FCEFFB267AECA200774FD0 /* ColorExtension.swift */; };
		F0FCF000267AF16700774FD0 /* ErrorAsString.swift in Sources */ = {isa = PBXBuildFile; fileRef = F0FCEFFF267AF16700774FD0 /* ErrorAsString.swift */; };
		F0FCF003267AF8B900774FD0 /* BoardContentView.swift in Sources */ = {isa = PBXBuildFile; fileRef = F0FCF002267AF8B900774FD0 /* BoardContentView.swift */; };
		F0FCF005267B7ECC00774FD0 /* BoardContentContainerView.swift in Sources */ = {isa = PBXBuildFile; fileRef = F0FCF004267B7ECC00774FD0 /* BoardContentContainerView.swift */; };
		F0FCF007267B7F9C00774FD0 /* BoardSettingsView.swift in Sources */ = {isa = PBXBuildFile; fileRef = F0FCF006267B7F9C00774FD0 /* BoardSettingsView.swift */; };
/* End PBXBuildFile section */

/* Begin PBXFileReference section */
		225575D317387066AD37C42E /* Pods-Dreamer.release.xcconfig */ = {isa = PBXFileReference; includeInIndex = 1; lastKnownFileType = text.xcconfig; name = "Pods-Dreamer.release.xcconfig"; path = "Target Support Files/Pods-Dreamer/Pods-Dreamer.release.xcconfig"; sourceTree = "<group>"; };
		D832FDBAE65507CFAF34F851 /* Pods-Dreamer.debug.xcconfig */ = {isa = PBXFileReference; includeInIndex = 1; lastKnownFileType = text.xcconfig; name = "Pods-Dreamer.debug.xcconfig"; path = "Target Support Files/Pods-Dreamer/Pods-Dreamer.debug.xcconfig"; sourceTree = "<group>"; };
		F00D948E267A5A9200D61E82 /* LoginModel.swift */ = {isa = PBXFileReference; lastKnownFileType = sourcecode.swift; path = LoginModel.swift; sourceTree = "<group>"; };
		F00D9490267A5D4500D61E82 /* LoginView.swift */ = {isa = PBXFileReference; lastKnownFileType = sourcecode.swift; path = LoginView.swift; sourceTree = "<group>"; };
		F00D9492267A813800D61E82 /* Dreamer.entitlements */ = {isa = PBXFileReference; lastKnownFileType = text.plist.entitlements; path = Dreamer.entitlements; sourceTree = "<group>"; };
		F00D9493267A828600D61E82 /* SignInWithAppleView.swift */ = {isa = PBXFileReference; lastKnownFileType = sourcecode.swift; path = SignInWithAppleView.swift; sourceTree = "<group>"; };
		F00D949B267A87BE00D61E82 /* NormalButton.swift */ = {isa = PBXFileReference; lastKnownFileType = sourcecode.swift; path = NormalButton.swift; sourceTree = "<group>"; };
		F0498288267A539E009FED59 /* Dreamer.app */ = {isa = PBXFileReference; explicitFileType = wrapper.application; includeInIndex = 0; path = Dreamer.app; sourceTree = BUILT_PRODUCTS_DIR; };
		F049828B267A539E009FED59 /* DreamerApp.swift */ = {isa = PBXFileReference; lastKnownFileType = sourcecode.swift; path = DreamerApp.swift; sourceTree = "<group>"; };
		F049828F267A539F009FED59 /* Assets.xcassets */ = {isa = PBXFileReference; lastKnownFileType = folder.assetcatalog; path = Assets.xcassets; sourceTree = "<group>"; };
		F0498292267A539F009FED59 /* Preview Assets.xcassets */ = {isa = PBXFileReference; lastKnownFileType = folder.assetcatalog; path = "Preview Assets.xcassets"; sourceTree = "<group>"; };
		F0498294267A539F009FED59 /* Info.plist */ = {isa = PBXFileReference; lastKnownFileType = text.plist.xml; path = Info.plist; sourceTree = "<group>"; };
		F049829A267A53C3009FED59 /* SignInView.swift */ = {isa = PBXFileReference; lastKnownFileType = sourcecode.swift; path = SignInView.swift; sourceTree = "<group>"; };
		F049829C267A545B009FED59 /* GoogleService-Info.plist */ = {isa = PBXFileReference; fileEncoding = 4; lastKnownFileType = text.plist.xml; path = "GoogleService-Info.plist"; sourceTree = "<group>"; };
		F0FCEFF1267AAD4A00774FD0 /* BoardListView.swift */ = {isa = PBXFileReference; lastKnownFileType = sourcecode.swift; path = BoardListView.swift; sourceTree = "<group>"; };
		F0FCEFF3267AAD5500774FD0 /* Board.swift */ = {isa = PBXFileReference; lastKnownFileType = sourcecode.swift; path = Board.swift; sourceTree = "<group>"; };
		F0FCEFF5267AAD6100774FD0 /* BoardViewModel.swift */ = {isa = PBXFileReference; lastKnownFileType = sourcecode.swift; path = BoardViewModel.swift; sourceTree = "<group>"; };
		F0FCEFF7267AB3B500774FD0 /* BoardListCellView.swift */ = {isa = PBXFileReference; lastKnownFileType = sourcecode.swift; path = BoardListCellView.swift; sourceTree = "<group>"; };
		F0FCEFF9267AD6E500774FD0 /* BoardGeneratorView.swift */ = {isa = PBXFileReference; lastKnownFileType = sourcecode.swift; path = BoardGeneratorView.swift; sourceTree = "<group>"; };
		F0FCEFFB267AECA200774FD0 /* ColorExtension.swift */ = {isa = PBXFileReference; lastKnownFileType = sourcecode.swift; path = ColorExtension.swift; sourceTree = "<group>"; };
		F0FCEFFF267AF16700774FD0 /* ErrorAsString.swift */ = {isa = PBXFileReference; lastKnownFileType = sourcecode.swift; path = ErrorAsString.swift; sourceTree = "<group>"; };
		F0FCF002267AF8B900774FD0 /* BoardContentView.swift */ = {isa = PBXFileReference; lastKnownFileType = sourcecode.swift; path = BoardContentView.swift; sourceTree = "<group>"; };
		F0FCF004267B7ECC00774FD0 /* BoardContentContainerView.swift */ = {isa = PBXFileReference; lastKnownFileType = sourcecode.swift; path = BoardContentContainerView.swift; sourceTree = "<group>"; };
		F0FCF006267B7F9C00774FD0 /* BoardSettingsView.swift */ = {isa = PBXFileReference; lastKnownFileType = sourcecode.swift; path = BoardSettingsView.swift; sourceTree = "<group>"; };
		F2B76EFC96DF7B0675B42A10 /* Pods_Dreamer.framework */ = {isa = PBXFileReference; explicitFileType = wrapper.framework; includeInIndex = 0; path = Pods_Dreamer.framework; sourceTree = BUILT_PRODUCTS_DIR; };
/* End PBXFileReference section */

/* Begin PBXFrameworksBuildPhase section */
		F0498285267A539E009FED59 /* Frameworks */ = {
			isa = PBXFrameworksBuildPhase;
			buildActionMask = 2147483647;
			files = (
				DDD86557932CDFA341F45A3A /* Pods_Dreamer.framework in Frameworks */,
			);
			runOnlyForDeploymentPostprocessing = 0;
		};
/* End PBXFrameworksBuildPhase section */

/* Begin PBXGroup section */
		4D67560C18810B85385CCE6B /* Frameworks */ = {
			isa = PBXGroup;
			children = (
				F2B76EFC96DF7B0675B42A10 /* Pods_Dreamer.framework */,
			);
			name = Frameworks;
			sourceTree = "<group>";
		};
		F00D948D267A5A8000D61E82 /* LoginFlow */ = {
			isa = PBXGroup;
			children = (
				F049829A267A53C3009FED59 /* SignInView.swift */,
				F00D948E267A5A9200D61E82 /* LoginModel.swift */,
				F00D9490267A5D4500D61E82 /* LoginView.swift */,
				F00D9493267A828600D61E82 /* SignInWithAppleView.swift */,
			);
			path = LoginFlow;
			sourceTree = "<group>";
		};
		F00D949A267A87A100D61E82 /* CustomUIElements */ = {
			isa = PBXGroup;
			children = (
				F00D949B267A87BE00D61E82 /* NormalButton.swift */,
				F0FCEFFB267AECA200774FD0 /* ColorExtension.swift */,
				F0FCEFFF267AF16700774FD0 /* ErrorAsString.swift */,
			);
			path = CustomUIElements;
			sourceTree = "<group>";
		};
		F049827F267A539E009FED59 = {
			isa = PBXGroup;
			children = (
				F049828A267A539E009FED59 /* Dreamer */,
				F0498289267A539E009FED59 /* Products */,
				FEEDF61CCF32A8A960B1002D /* Pods */,
				4D67560C18810B85385CCE6B /* Frameworks */,
			);
			sourceTree = "<group>";
		};
		F0498289267A539E009FED59 /* Products */ = {
			isa = PBXGroup;
			children = (
				F0498288267A539E009FED59 /* Dreamer.app */,
			);
			name = Products;
			sourceTree = "<group>";
		};
		F049828A267A539E009FED59 /* Dreamer */ = {
			isa = PBXGroup;
			children = (
				F0FCF001267AF7B000774FD0 /* BoardFlow */,
				F00D949A267A87A100D61E82 /* CustomUIElements */,
				F0FCEFF0267AAD3800774FD0 /* BoardPickerFlow */,
				F00D948D267A5A8000D61E82 /* LoginFlow */,
				F049829C267A545B009FED59 /* GoogleService-Info.plist */,
				F049828B267A539E009FED59 /* DreamerApp.swift */,
				F00D9492267A813800D61E82 /* Dreamer.entitlements */,
				F049828F267A539F009FED59 /* Assets.xcassets */,
				F0498294267A539F009FED59 /* Info.plist */,
				F0498291267A539F009FED59 /* Preview Content */,
			);
			path = Dreamer;
			sourceTree = "<group>";
		};
		F0498291267A539F009FED59 /* Preview Content */ = {
			isa = PBXGroup;
			children = (
				F0498292267A539F009FED59 /* Preview Assets.xcassets */,
			);
			path = "Preview Content";
			sourceTree = "<group>";
		};
		F0FCEFF0267AAD3800774FD0 /* BoardPickerFlow */ = {
			isa = PBXGroup;
			children = (
				F0FCEFF1267AAD4A00774FD0 /* BoardListView.swift */,
				F0FCEFF3267AAD5500774FD0 /* Board.swift */,
				F0FCEFF5267AAD6100774FD0 /* BoardViewModel.swift */,
				F0FCEFF7267AB3B500774FD0 /* BoardListCellView.swift */,
				F0FCEFF9267AD6E500774FD0 /* BoardGeneratorView.swift */,
			);
			path = BoardPickerFlow;
			sourceTree = "<group>";
		};
		F0FCF001267AF7B000774FD0 /* BoardFlow */ = {
			isa = PBXGroup;
			children = (
				F0FCF002267AF8B900774FD0 /* BoardContentView.swift */,
				F0FCF004267B7ECC00774FD0 /* BoardContentContainerView.swift */,
				F0FCF006267B7F9C00774FD0 /* BoardSettingsView.swift */,
			);
			path = BoardFlow;
			sourceTree = "<group>";
		};
		FEEDF61CCF32A8A960B1002D /* Pods */ = {
			isa = PBXGroup;
			children = (
				D832FDBAE65507CFAF34F851 /* Pods-Dreamer.debug.xcconfig */,
				225575D317387066AD37C42E /* Pods-Dreamer.release.xcconfig */,
			);
			path = Pods;
			sourceTree = "<group>";
		};
/* End PBXGroup section */

/* Begin PBXNativeTarget section */
		F0498287267A539E009FED59 /* Dreamer */ = {
			isa = PBXNativeTarget;
			buildConfigurationList = F0498297267A539F009FED59 /* Build configuration list for PBXNativeTarget "Dreamer" */;
			buildPhases = (
				B94384BFEB327257415B3943 /* [CP] Check Pods Manifest.lock */,
				F0498284267A539E009FED59 /* Sources */,
				F0498285267A539E009FED59 /* Frameworks */,
				F0498286267A539E009FED59 /* Resources */,
				419A9F582F93FEB87ECD0181 /* [CP] Embed Pods Frameworks */,
			);
			buildRules = (
			);
			dependencies = (
			);
			name = Dreamer;
			productName = Dreamer;
			productReference = F0498288267A539E009FED59 /* Dreamer.app */;
			productType = "com.apple.product-type.application";
		};
/* End PBXNativeTarget section */

/* Begin PBXProject section */
		F0498280267A539E009FED59 /* Project object */ = {
			isa = PBXProject;
			attributes = {
				LastSwiftUpdateCheck = 1250;
				LastUpgradeCheck = 1250;
				TargetAttributes = {
					F0498287267A539E009FED59 = {
						CreatedOnToolsVersion = 12.5;
					};
				};
			};
			buildConfigurationList = F0498283267A539E009FED59 /* Build configuration list for PBXProject "Dreamer" */;
			compatibilityVersion = "Xcode 9.3";
			developmentRegion = en;
			hasScannedForEncodings = 0;
			knownRegions = (
				en,
				Base,
			);
			mainGroup = F049827F267A539E009FED59;
			productRefGroup = F0498289267A539E009FED59 /* Products */;
			projectDirPath = "";
			projectRoot = "";
			targets = (
				F0498287267A539E009FED59 /* Dreamer */,
			);
		};
/* End PBXProject section */

/* Begin PBXResourcesBuildPhase section */
		F0498286267A539E009FED59 /* Resources */ = {
			isa = PBXResourcesBuildPhase;
			buildActionMask = 2147483647;
			files = (
				F0498293267A539F009FED59 /* Preview Assets.xcassets in Resources */,
				F0498290267A539F009FED59 /* Assets.xcassets in Resources */,
				F049829D267A545B009FED59 /* GoogleService-Info.plist in Resources */,
			);
			runOnlyForDeploymentPostprocessing = 0;
		};
/* End PBXResourcesBuildPhase section */

/* Begin PBXShellScriptBuildPhase section */
		419A9F582F93FEB87ECD0181 /* [CP] Embed Pods Frameworks */ = {
			isa = PBXShellScriptBuildPhase;
			buildActionMask = 2147483647;
			files = (
			);
			inputFileListPaths = (
				"${PODS_ROOT}/Target Support Files/Pods-Dreamer/Pods-Dreamer-frameworks-${CONFIGURATION}-input-files.xcfilelist",
			);
			name = "[CP] Embed Pods Frameworks";
			outputFileListPaths = (
				"${PODS_ROOT}/Target Support Files/Pods-Dreamer/Pods-Dreamer-frameworks-${CONFIGURATION}-output-files.xcfilelist",
			);
			runOnlyForDeploymentPostprocessing = 0;
			shellPath = /bin/sh;
			shellScript = "\"${PODS_ROOT}/Target Support Files/Pods-Dreamer/Pods-Dreamer-frameworks.sh\"\n";
			showEnvVarsInLog = 0;
		};
		B94384BFEB327257415B3943 /* [CP] Check Pods Manifest.lock */ = {
			isa = PBXShellScriptBuildPhase;
			buildActionMask = 2147483647;
			files = (
			);
			inputFileListPaths = (
			);
			inputPaths = (
				"${PODS_PODFILE_DIR_PATH}/Podfile.lock",
				"${PODS_ROOT}/Manifest.lock",
			);
			name = "[CP] Check Pods Manifest.lock";
			outputFileListPaths = (
			);
			outputPaths = (
				"$(DERIVED_FILE_DIR)/Pods-Dreamer-checkManifestLockResult.txt",
			);
			runOnlyForDeploymentPostprocessing = 0;
			shellPath = /bin/sh;
			shellScript = "diff \"${PODS_PODFILE_DIR_PATH}/Podfile.lock\" \"${PODS_ROOT}/Manifest.lock\" > /dev/null\nif [ $? != 0 ] ; then\n    # print error to STDERR\n    echo \"error: The sandbox is not in sync with the Podfile.lock. Run 'pod install' or update your CocoaPods installation.\" >&2\n    exit 1\nfi\n# This output is used by Xcode 'outputs' to avoid re-running this script phase.\necho \"SUCCESS\" > \"${SCRIPT_OUTPUT_FILE_0}\"\n";
			showEnvVarsInLog = 0;
		};
/* End PBXShellScriptBuildPhase section */

/* Begin PBXSourcesBuildPhase section */
		F0498284267A539E009FED59 /* Sources */ = {
			isa = PBXSourcesBuildPhase;
			buildActionMask = 2147483647;
			files = (
				F0FCEFF8267AB3B500774FD0 /* BoardListCellView.swift in Sources */,
				F0FCEFFA267AD6E500774FD0 /* BoardGeneratorView.swift in Sources */,
				F049829B267A53C3009FED59 /* SignInView.swift in Sources */,
				F00D948F267A5A9200D61E82 /* LoginModel.swift in Sources */,
				F00D949C267A87BE00D61E82 /* NormalButton.swift in Sources */,
				F0FCF003267AF8B900774FD0 /* BoardContentView.swift in Sources */,
				F0FCF007267B7F9C00774FD0 /* BoardSettingsView.swift in Sources */,
				F00D9491267A5D4500D61E82 /* LoginView.swift in Sources */,
				F0FCEFF2267AAD4A00774FD0 /* BoardListView.swift in Sources */,
				F049828C267A539E009FED59 /* DreamerApp.swift in Sources */,
				F00D9494267A828600D61E82 /* SignInWithAppleView.swift in Sources */,
				F0FCEFF4267AAD5500774FD0 /* Board.swift in Sources */,
				F0FCF005267B7ECC00774FD0 /* BoardContentContainerView.swift in Sources */,
				F0FCEFF6267AAD6100774FD0 /* BoardViewModel.swift in Sources */,
				F0FCEFFC267AECA200774FD0 /* ColorExtension.swift in Sources */,
				F0FCF000267AF16700774FD0 /* ErrorAsString.swift in Sources */,
			);
			runOnlyForDeploymentPostprocessing = 0;
		};
/* End PBXSourcesBuildPhase section */

/* Begin XCBuildConfiguration section */
		F0498295267A539F009FED59 /* Debug */ = {
			isa = XCBuildConfiguration;
			buildSettings = {
				ALWAYS_SEARCH_USER_PATHS = NO;
				CLANG_ANALYZER_NONNULL = YES;
				CLANG_ANALYZER_NUMBER_OBJECT_CONVERSION = YES_AGGRESSIVE;
				CLANG_CXX_LANGUAGE_STANDARD = "gnu++14";
				CLANG_CXX_LIBRARY = "libc++";
				CLANG_ENABLE_MODULES = YES;
				CLANG_ENABLE_OBJC_ARC = YES;
				CLANG_ENABLE_OBJC_WEAK = YES;
				CLANG_WARN_BLOCK_CAPTURE_AUTORELEASING = YES;
				CLANG_WARN_BOOL_CONVERSION = YES;
				CLANG_WARN_COMMA = YES;
				CLANG_WARN_CONSTANT_CONVERSION = YES;
				CLANG_WARN_DEPRECATED_OBJC_IMPLEMENTATIONS = YES;
				CLANG_WARN_DIRECT_OBJC_ISA_USAGE = YES_ERROR;
				CLANG_WARN_DOCUMENTATION_COMMENTS = YES;
				CLANG_WARN_EMPTY_BODY = YES;
				CLANG_WARN_ENUM_CONVERSION = YES;
				CLANG_WARN_INFINITE_RECURSION = YES;
				CLANG_WARN_INT_CONVERSION = YES;
				CLANG_WARN_NON_LITERAL_NULL_CONVERSION = YES;
				CLANG_WARN_OBJC_IMPLICIT_RETAIN_SELF = YES;
				CLANG_WARN_OBJC_LITERAL_CONVERSION = YES;
				CLANG_WARN_OBJC_ROOT_CLASS = YES_ERROR;
				CLANG_WARN_QUOTED_INCLUDE_IN_FRAMEWORK_HEADER = YES;
				CLANG_WARN_RANGE_LOOP_ANALYSIS = YES;
				CLANG_WARN_STRICT_PROTOTYPES = YES;
				CLANG_WARN_SUSPICIOUS_MOVE = YES;
				CLANG_WARN_UNGUARDED_AVAILABILITY = YES_AGGRESSIVE;
				CLANG_WARN_UNREACHABLE_CODE = YES;
				CLANG_WARN__DUPLICATE_METHOD_MATCH = YES;
				COPY_PHASE_STRIP = NO;
				DEBUG_INFORMATION_FORMAT = dwarf;
				ENABLE_STRICT_OBJC_MSGSEND = YES;
				ENABLE_TESTABILITY = YES;
				GCC_C_LANGUAGE_STANDARD = gnu11;
				GCC_DYNAMIC_NO_PIC = NO;
				GCC_NO_COMMON_BLOCKS = YES;
				GCC_OPTIMIZATION_LEVEL = 0;
				GCC_PREPROCESSOR_DEFINITIONS = (
					"DEBUG=1",
					"$(inherited)",
				);
				GCC_WARN_64_TO_32_BIT_CONVERSION = YES;
				GCC_WARN_ABOUT_RETURN_TYPE = YES_ERROR;
				GCC_WARN_UNDECLARED_SELECTOR = YES;
				GCC_WARN_UNINITIALIZED_AUTOS = YES_AGGRESSIVE;
				GCC_WARN_UNUSED_FUNCTION = YES;
				GCC_WARN_UNUSED_VARIABLE = YES;
				IPHONEOS_DEPLOYMENT_TARGET = 14.5;
				MTL_ENABLE_DEBUG_INFO = INCLUDE_SOURCE;
				MTL_FAST_MATH = YES;
				ONLY_ACTIVE_ARCH = YES;
				SDKROOT = iphoneos;
				SWIFT_ACTIVE_COMPILATION_CONDITIONS = DEBUG;
				SWIFT_OPTIMIZATION_LEVEL = "-Onone";
			};
			name = Debug;
		};
		F0498296267A539F009FED59 /* Release */ = {
			isa = XCBuildConfiguration;
			buildSettings = {
				ALWAYS_SEARCH_USER_PATHS = NO;
				CLANG_ANALYZER_NONNULL = YES;
				CLANG_ANALYZER_NUMBER_OBJECT_CONVERSION = YES_AGGRESSIVE;
				CLANG_CXX_LANGUAGE_STANDARD = "gnu++14";
				CLANG_CXX_LIBRARY = "libc++";
				CLANG_ENABLE_MODULES = YES;
				CLANG_ENABLE_OBJC_ARC = YES;
				CLANG_ENABLE_OBJC_WEAK = YES;
				CLANG_WARN_BLOCK_CAPTURE_AUTORELEASING = YES;
				CLANG_WARN_BOOL_CONVERSION = YES;
				CLANG_WARN_COMMA = YES;
				CLANG_WARN_CONSTANT_CONVERSION = YES;
				CLANG_WARN_DEPRECATED_OBJC_IMPLEMENTATIONS = YES;
				CLANG_WARN_DIRECT_OBJC_ISA_USAGE = YES_ERROR;
				CLANG_WARN_DOCUMENTATION_COMMENTS = YES;
				CLANG_WARN_EMPTY_BODY = YES;
				CLANG_WARN_ENUM_CONVERSION = YES;
				CLANG_WARN_INFINITE_RECURSION = YES;
				CLANG_WARN_INT_CONVERSION = YES;
				CLANG_WARN_NON_LITERAL_NULL_CONVERSION = YES;
				CLANG_WARN_OBJC_IMPLICIT_RETAIN_SELF = YES;
				CLANG_WARN_OBJC_LITERAL_CONVERSION = YES;
				CLANG_WARN_OBJC_ROOT_CLASS = YES_ERROR;
				CLANG_WARN_QUOTED_INCLUDE_IN_FRAMEWORK_HEADER = YES;
				CLANG_WARN_RANGE_LOOP_ANALYSIS = YES;
				CLANG_WARN_STRICT_PROTOTYPES = YES;
				CLANG_WARN_SUSPICIOUS_MOVE = YES;
				CLANG_WARN_UNGUARDED_AVAILABILITY = YES_AGGRESSIVE;
				CLANG_WARN_UNREACHABLE_CODE = YES;
				CLANG_WARN__DUPLICATE_METHOD_MATCH = YES;
				COPY_PHASE_STRIP = NO;
				DEBUG_INFORMATION_FORMAT = "dwarf-with-dsym";
				ENABLE_NS_ASSERTIONS = NO;
				ENABLE_STRICT_OBJC_MSGSEND = YES;
				GCC_C_LANGUAGE_STANDARD = gnu11;
				GCC_NO_COMMON_BLOCKS = YES;
				GCC_WARN_64_TO_32_BIT_CONVERSION = YES;
				GCC_WARN_ABOUT_RETURN_TYPE = YES_ERROR;
				GCC_WARN_UNDECLARED_SELECTOR = YES;
				GCC_WARN_UNINITIALIZED_AUTOS = YES_AGGRESSIVE;
				GCC_WARN_UNUSED_FUNCTION = YES;
				GCC_WARN_UNUSED_VARIABLE = YES;
				IPHONEOS_DEPLOYMENT_TARGET = 14.5;
				MTL_ENABLE_DEBUG_INFO = NO;
				MTL_FAST_MATH = YES;
				SDKROOT = iphoneos;
				SWIFT_COMPILATION_MODE = wholemodule;
				SWIFT_OPTIMIZATION_LEVEL = "-O";
				VALIDATE_PRODUCT = YES;
			};
			name = Release;
		};
		F0498298267A539F009FED59 /* Debug */ = {
			isa = XCBuildConfiguration;
			baseConfigurationReference = D832FDBAE65507CFAF34F851 /* Pods-Dreamer.debug.xcconfig */;
			buildSettings = {
				ASSETCATALOG_COMPILER_APPICON_NAME = AppIcon;
				ASSETCATALOG_COMPILER_GLOBAL_ACCENT_COLOR_NAME = AccentColor;
				CODE_SIGN_ENTITLEMENTS = Dreamer/Dreamer.entitlements;
				CODE_SIGN_STYLE = Automatic;
				DEVELOPMENT_ASSET_PATHS = "\"Dreamer/Preview Content\"";
				DEVELOPMENT_TEAM = G466A7N8C9;
				ENABLE_PREVIEWS = YES;
				INFOPLIST_FILE = Dreamer/Info.plist;
				IPHONEOS_DEPLOYMENT_TARGET = 14.0;
				LD_RUNPATH_SEARCH_PATHS = (
					"$(inherited)",
					"@executable_path/Frameworks",
				);
				PRODUCT_BUNDLE_IDENTIFIER = com.dmace.Boards;
				PRODUCT_NAME = "$(TARGET_NAME)";
				SWIFT_VERSION = 5.0;
				TARGETED_DEVICE_FAMILY = "1,2";
			};
			name = Debug;
		};
		F0498299267A539F009FED59 /* Release */ = {
			isa = XCBuildConfiguration;
			baseConfigurationReference = 225575D317387066AD37C42E /* Pods-Dreamer.release.xcconfig */;
			buildSettings = {
				ASSETCATALOG_COMPILER_APPICON_NAME = AppIcon;
				ASSETCATALOG_COMPILER_GLOBAL_ACCENT_COLOR_NAME = AccentColor;
				CODE_SIGN_ENTITLEMENTS = Dreamer/Dreamer.entitlements;
				CODE_SIGN_STYLE = Automatic;
				DEVELOPMENT_ASSET_PATHS = "\"Dreamer/Preview Content\"";
				DEVELOPMENT_TEAM = G466A7N8C9;
				ENABLE_PREVIEWS = YES;
				INFOPLIST_FILE = Dreamer/Info.plist;
				IPHONEOS_DEPLOYMENT_TARGET = 14.0;
				LD_RUNPATH_SEARCH_PATHS = (
					"$(inherited)",
					"@executable_path/Frameworks",
				);
				PRODUCT_BUNDLE_IDENTIFIER = com.dmace.Boards;
				PRODUCT_NAME = "$(TARGET_NAME)";
				SWIFT_VERSION = 5.0;
				TARGETED_DEVICE_FAMILY = "1,2";
			};
			name = Release;
		};
/* End XCBuildConfiguration section */

/* Begin XCConfigurationList section */
		F0498283267A539E009FED59 /* Build configuration list for PBXProject "Dreamer" */ = {
			isa = XCConfigurationList;
			buildConfigurations = (
				F0498295267A539F009FED59 /* Debug */,
				F0498296267A539F009FED59 /* Release */,
			);
			defaultConfigurationIsVisible = 0;
			defaultConfigurationName = Release;
		};
		F0498297267A539F009FED59 /* Build configuration list for PBXNativeTarget "Dreamer" */ = {
			isa = XCConfigurationList;
			buildConfigurations = (
				F0498298267A539F009FED59 /* Debug */,
				F0498299267A539F009FED59 /* Release */,
			);
			defaultConfigurationIsVisible = 0;
			defaultConfigurationName = Release;
		};
/* End XCConfigurationList section */
	};
	rootObject = F0498280267A539E009FED59 /* Project object */;
}
